
Microsoft Visual Studio Solution File, Format Version 12.00
# Visual Studio 2017
Project("{FAE04EC0-301F-11D3-BF4B-00C04F79EFBC}") = "UCHinuKe!TechC", "UCHinuKe!TechC.csproj", "{F64E49D4-CC0B-D777-1D41-9BFA090CC5CD}"
EndProject
Project("{FAE04EC0-301F-11D3-BF4B-00C04F79EFBC}") = "UCHinuKe!TechC.Editor", "UCHinuKe!TechC.Editor.csproj", "{622F7FCF-14AF-FC62-43C0-8613DDF4D757}"
EndProject
Global
	GlobalSection(SolutionConfigurationPlatforms) = preSolution
		Debug|Any CPU = Debug|Any CPU
		Release|Any CPU = Release|Any CPU
	EndGlobalSection
	GlobalSection(ProjectConfigurationPlatforms) = postSolution
		{F64E49D4-CC0B-D777-1D41-9BFA090CC5CD}.Debug|Any CPU.ActiveCfg = Debug|Any CPU
		{F64E49D4-CC0B-D777-1D41-9BFA090CC5CD}.Debug|Any CPU.Build.0 = Debug|Any CPU
		{F64E49D4-CC0B-D777-1D41-9BFA090CC5CD}.Release|Any CPU.ActiveCfg = Release|Any CPU
		{F64E49D4-CC0B-D777-1D41-9BFA090CC5CD}.Release|Any CPU.Build.0 = Release|Any CPU
		{622F7FCF-14AF-FC62-43C0-8613DDF4D757}.Debug|Any CPU.ActiveCfg = Debug|Any CPU
		{622F7FCF-14AF-FC62-43C0-8613DDF4D757}.Debug|Any CPU.Build.0 = Debug|Any CPU
		{622F7FCF-14AF-FC62-43C0-8613DDF4D757}.Release|Any CPU.ActiveCfg = Release|Any CPU
		{622F7FCF-14AF-FC62-43C0-8613DDF4D757}.Release|Any CPU.Build.0 = Release|Any CPU
	EndGlobalSection
	GlobalSection(SolutionProperties) = preSolution
		HideSolutionNode = FALSE
	EndGlobalSection
EndGlobal
