
Microsoft Visual Studio Solution File, Format Version 11.00
# Visual Studio 2010
Project("{FAE04EC0-301F-11D3-BF4B-00C04F79EFBC}") = "UCHinuKe!TechC", "Assembly-CSharp.csproj", "{1339FAF5-A8C0-8176-74A8-F78B3EA232CB}"
EndProject
Global
	GlobalSection(SolutionConfigurationPlatforms) = preSolution
		Debug|Any CPU = Debug|Any CPU
		Release|Any CPU = Release|Any CPU
	EndGlobalSection
	GlobalSection(ProjectConfigurationPlatforms) = postSolution
		{1339FAF5-A8C0-8176-74A8-F78B3EA232CB}.Debug|Any CPU.ActiveCfg = Debug|Any CPU
		{1339FAF5-A8C0-8176-74A8-F78B3EA232CB}.Debug|Any CPU.Build.0 = Debug|Any CPU
		{1339FAF5-A8C0-8176-74A8-F78B3EA232CB}.Release|Any CPU.ActiveCfg = Release|Any CPU
		{1339FAF5-A8C0-8176-74A8-F78B3EA232CB}.Release|Any CPU.Build.0 = Release|Any CPU
	EndGlobalSection
	GlobalSection(SolutionProperties) = preSolution
		HideSolutionNode = FALSE
	EndGlobalSection
	GlobalSection(MonoDevelopProperties) = preSolution
		StartupItem = Assembly-CSharp.csproj
	EndGlobalSection
EndGlobal
